
Microsoft Visual Studio Solution File, Format Version 12.00
# Visual Studio Version 17
VisualStudioVersion = 17.0.32126.317
MinimumVisualStudioVersion = 10.0.40219.1
Project("{8BC9CEB8-8B4A-11D0-8D11-00A0C91BC942}") = "HW1_algorithms", "HW1_algorithms\HW1_algorithms.vcxproj", "{EE869D52-7762-4EA3-BE15-3EBBE8B6339B}"
EndProject
Global
	GlobalSection(SolutionConfigurationPlatforms) = preSolution
		Debug|x64 = Debug|x64
		Debug|x86 = Debug|x86
		Release|x64 = Release|x64
		Release|x86 = Release|x86
	EndGlobalSection
	GlobalSection(ProjectConfigurationPlatforms) = postSolution
		{EE869D52-7762-4EA3-BE15-3EBBE8B6339B}.Debug|x64.ActiveCfg = Debug|x64
		{EE869D52-7762-4EA3-BE15-3EBBE8B6339B}.Debug|x64.Build.0 = Debug|x64
		{EE869D52-7762-4EA3-BE15-3EBBE8B6339B}.Debug|x86.ActiveCfg = Debug|Win32
		{EE869D52-7762-4EA3-BE15-3EBBE8B6339B}.Debug|x86.Build.0 = Debug|Win32
		{EE869D52-7762-4EA3-BE15-3EBBE8B6339B}.Release|x64.ActiveCfg = Release|x64
		{EE869D52-7762-4EA3-BE15-3EBBE8B6339B}.Release|x64.Build.0 = Release|x64
		{EE869D52-7762-4EA3-BE15-3EBBE8B6339B}.Release|x86.ActiveCfg = Release|Win32
		{EE869D52-7762-4EA3-BE15-3EBBE8B6339B}.Release|x86.Build.0 = Release|Win32
	EndGlobalSection
	GlobalSection(SolutionProperties) = preSolution
		HideSolutionNode = FALSE
	EndGlobalSection
	GlobalSection(ExtensibilityGlobals) = postSolution
		SolutionGuid = {D23DC94A-8C80-4E87-910C-B81D941A87F7}
	EndGlobalSection
EndGlobal
